
Microsoft Visual Studio Solution File, Format Version 12.00
# Visual Studio Version 16
VisualStudioVersion = 16.0.30309.148
MinimumVisualStudioVersion = 10.0.40219.1
Project("{FAE04EC0-301F-11D3-BF4B-00C04F79EFBC}") = "Effettivo_Avaliacao", "Effettivo_Avaliacao\Effettivo_Avaliacao.csproj", "{B8BD7CF0-A1B2-4E93-9898-B67A77FC38C7}"
EndProject
Global
	GlobalSection(SolutionConfigurationPlatforms) = preSolution
		Debug|Any CPU = Debug|Any CPU
		Release|Any CPU = Release|Any CPU
	EndGlobalSection
	GlobalSection(ProjectConfigurationPlatforms) = postSolution
		{B8BD7CF0-A1B2-4E93-9898-B67A77FC38C7}.Debug|Any CPU.ActiveCfg = Debug|Any CPU
		{B8BD7CF0-A1B2-4E93-9898-B67A77FC38C7}.Debug|Any CPU.Build.0 = Debug|Any CPU
		{B8BD7CF0-A1B2-4E93-9898-B67A77FC38C7}.Release|Any CPU.ActiveCfg = Release|Any CPU
		{B8BD7CF0-A1B2-4E93-9898-B67A77FC38C7}.Release|Any CPU.Build.0 = Release|Any CPU
	EndGlobalSection
	GlobalSection(SolutionProperties) = preSolution
		HideSolutionNode = FALSE
	EndGlobalSection
	GlobalSection(ExtensibilityGlobals) = postSolution
		SolutionGuid = {344A0FA6-B25E-44A4-B9F5-1DD396B2FA6E}
	EndGlobalSection
EndGlobal
